
Microsoft Visual Studio Solution File, Format Version 12.00
# Visual Studio Version 17
VisualStudioVersion = 17.5.33627.172
MinimumVisualStudioVersion = 10.0.40219.1
Project("{FAE04EC0-301F-11D3-BF4B-00C04F79EFBC}") = "TPFinalNivel3_AguirreVillegas", "TPFinalNivel3_AguirreVillegas\TPFinalNivel3_AguirreVillegas.csproj", "{52E63C99-70B8-4861-9233-88D4286DBC85}"
EndProject
Project("{FAE04EC0-301F-11D3-BF4B-00C04F79EFBC}") = "Dominio", "Dominio\Dominio.csproj", "{AB47752B-65C0-4C6B-B126-B7675269CA60}"
EndProject
Project("{FAE04EC0-301F-11D3-BF4B-00C04F79EFBC}") = "ItemNegocio", "ItemNegocio\ItemNegocio.csproj", "{4EA73AA4-B355-48A9-93E7-322B03CF6895}"
EndProject
Global
	GlobalSection(SolutionConfigurationPlatforms) = preSolution
		Debug|Any CPU = Debug|Any CPU
		Release|Any CPU = Release|Any CPU
	EndGlobalSection
	GlobalSection(ProjectConfigurationPlatforms) = postSolution
		{52E63C99-70B8-4861-9233-88D4286DBC85}.Debug|Any CPU.ActiveCfg = Debug|Any CPU
		{52E63C99-70B8-4861-9233-88D4286DBC85}.Debug|Any CPU.Build.0 = Debug|Any CPU
		{52E63C99-70B8-4861-9233-88D4286DBC85}.Release|Any CPU.ActiveCfg = Release|Any CPU
		{52E63C99-70B8-4861-9233-88D4286DBC85}.Release|Any CPU.Build.0 = Release|Any CPU
		{AB47752B-65C0-4C6B-B126-B7675269CA60}.Debug|Any CPU.ActiveCfg = Debug|Any CPU
		{AB47752B-65C0-4C6B-B126-B7675269CA60}.Debug|Any CPU.Build.0 = Debug|Any CPU
		{AB47752B-65C0-4C6B-B126-B7675269CA60}.Release|Any CPU.ActiveCfg = Release|Any CPU
		{AB47752B-65C0-4C6B-B126-B7675269CA60}.Release|Any CPU.Build.0 = Release|Any CPU
		{4EA73AA4-B355-48A9-93E7-322B03CF6895}.Debug|Any CPU.ActiveCfg = Debug|Any CPU
		{4EA73AA4-B355-48A9-93E7-322B03CF6895}.Debug|Any CPU.Build.0 = Debug|Any CPU
		{4EA73AA4-B355-48A9-93E7-322B03CF6895}.Release|Any CPU.ActiveCfg = Release|Any CPU
		{4EA73AA4-B355-48A9-93E7-322B03CF6895}.Release|Any CPU.Build.0 = Release|Any CPU
	EndGlobalSection
	GlobalSection(SolutionProperties) = preSolution
		HideSolutionNode = FALSE
	EndGlobalSection
	GlobalSection(ExtensibilityGlobals) = postSolution
		SolutionGuid = {E8F0DBA6-634A-4A9D-A790-9BB699E96603}
	EndGlobalSection
EndGlobal
